
Microsoft Visual Studio Solution File, Format Version 12.00
# Visual Studio Version 17
VisualStudioVersion = 17.0.31903.59
MinimumVisualStudioVersion = 10.0.40219.1
Project("{FAE04EC0-301F-11D3-BF4B-00C04F79EFBC}") = "API", "API\API.csproj", "{DC54ADB6-48D1-4BCD-BAE9-656094965C2B}"
EndProject
Project("{FAE04EC0-301F-11D3-BF4B-00C04F79EFBC}") = "core", "Core\core.csproj", "{406CA1D4-A8D6-42F5-BF9A-FA01CAE58C07}"
EndProject
Project("{FAE04EC0-301F-11D3-BF4B-00C04F79EFBC}") = "Infrastructure", "infrastructure\Infrastructure.csproj", "{EC9A77D1-5D4A-4E63-BD0F-2715BB17A826}"
EndProject
Global
	GlobalSection(SolutionConfigurationPlatforms) = preSolution
		Debug|Any CPU = Debug|Any CPU
		Release|Any CPU = Release|Any CPU
	EndGlobalSection
	GlobalSection(SolutionProperties) = preSolution
		HideSolutionNode = FALSE
	EndGlobalSection
	GlobalSection(ProjectConfigurationPlatforms) = postSolution
		{DC54ADB6-48D1-4BCD-BAE9-656094965C2B}.Debug|Any CPU.ActiveCfg = Debug|Any CPU
		{DC54ADB6-48D1-4BCD-BAE9-656094965C2B}.Debug|Any CPU.Build.0 = Debug|Any CPU
		{DC54ADB6-48D1-4BCD-BAE9-656094965C2B}.Release|Any CPU.ActiveCfg = Release|Any CPU
		{DC54ADB6-48D1-4BCD-BAE9-656094965C2B}.Release|Any CPU.Build.0 = Release|Any CPU
		{406CA1D4-A8D6-42F5-BF9A-FA01CAE58C07}.Debug|Any CPU.ActiveCfg = Debug|Any CPU
		{406CA1D4-A8D6-42F5-BF9A-FA01CAE58C07}.Debug|Any CPU.Build.0 = Debug|Any CPU
		{406CA1D4-A8D6-42F5-BF9A-FA01CAE58C07}.Release|Any CPU.ActiveCfg = Release|Any CPU
		{406CA1D4-A8D6-42F5-BF9A-FA01CAE58C07}.Release|Any CPU.Build.0 = Release|Any CPU
		{EC9A77D1-5D4A-4E63-BD0F-2715BB17A826}.Debug|Any CPU.ActiveCfg = Debug|Any CPU
		{EC9A77D1-5D4A-4E63-BD0F-2715BB17A826}.Debug|Any CPU.Build.0 = Debug|Any CPU
		{EC9A77D1-5D4A-4E63-BD0F-2715BB17A826}.Release|Any CPU.ActiveCfg = Release|Any CPU
		{EC9A77D1-5D4A-4E63-BD0F-2715BB17A826}.Release|Any CPU.Build.0 = Release|Any CPU
	EndGlobalSection
EndGlobal
